// !$*UTF8*$!
{
	archiveVersion = 1;
	classes = {
	};
	objectVersion = 70;
	objects = {

/* Begin PBXBuildFile section */
		110303A02C27E20C0097D2B5 /* ActionModel.swift in Sources */ = {isa = PBXBuildFile; fileRef = 1103039F2C27E20C0097D2B5 /* ActionModel.swift */; };
		1143A0862C2622E4006591C2 /* FileDocumentModel.swift in Sources */ = {isa = PBXBuildFile; fileRef = 1143A0852C2622E4006591C2 /* FileDocumentModel.swift */; };
		1181B7792C2FDA16003F18F1 /* ColorOptionModel.swift in Sources */ = {isa = PBXBuildFile; fileRef = 1181B7782C2FDA16003F18F1 /* ColorOptionModel.swift */; };
		1181B77B2C30FB19003F18F1 /* FilesModel.swift in Sources */ = {isa = PBXBuildFile; fileRef = 1181B77A2C30FB19003F18F1 /* FilesModel.swift */; };
		1184CCEB2C2B7EFE002631B8 /* UITypes.swift in Sources */ = {isa = PBXBuildFile; fileRef = 1184CCEA2C2B7EE8002631B8 /* UITypes.swift */; };
		118B63912C06D8D30011015B /* AppScreenModel.swift in Sources */ = {isa = PBXBuildFile; fileRef = 118B63902C06D8D30011015B /* AppScreenModel.swift */; };
		118B63932C06D93A0011015B /* ViewComponentModel.swift in Sources */ = {isa = PBXBuildFile; fileRef = 118B63922C06D93A0011015B /* ViewComponentModel.swift */; };
		118B63952C06D9C40011015B /* AppSettingsModel.swift in Sources */ = {isa = PBXBuildFile; fileRef = 118B63942C06D9C40011015B /* AppSettingsModel.swift */; };
		118B63972C06D9EC0011015B /* AppDataModel.swift in Sources */ = {isa = PBXBuildFile; fileRef = 118B63962C06D9EC0011015B /* AppDataModel.swift */; };
		11AC92F72C38B4C10022205F /* ComponentModel.swift in Sources */ = {isa = PBXBuildFile; fileRef = 11AC92F62C38B4C10022205F /* ComponentModel.swift */; };
		11BE199D29FAF63800E01425 /* SwiftFlowApp.swift in Sources */ = {isa = PBXBuildFile; fileRef = 11BE199C29FAF63800E01425 /* SwiftFlowApp.swift */; };
		11BE199F29FAF63800E01425 /* ContentView.swift in Sources */ = {isa = PBXBuildFile; fileRef = 11BE199E29FAF63800E01425 /* ContentView.swift */; };
		11BE19A129FAF63900E01425 /* Assets.xcassets in Resources */ = {isa = PBXBuildFile; fileRef = 11BE19A029FAF63900E01425 /* Assets.xcassets */; };
		11BE19A529FAF63900E01425 /* Preview Assets.xcassets in Resources */ = {isa = PBXBuildFile; fileRef = 11BE19A429FAF63900E01425 /* Preview Assets.xcassets */; };
		11E776002B3DC23700457F73 /* AppModel.swift in Sources */ = {isa = PBXBuildFile; fileRef = 11E775FF2B3DC23700457F73 /* AppModel.swift */; };
/* End PBXBuildFile section */

/* Begin PBXFileReference section */
		1103039F2C27E20C0097D2B5 /* ActionModel.swift */ = {isa = PBXFileReference; lastKnownFileType = sourcecode.swift; path = ActionModel.swift; sourceTree = "<group>"; };
		1143A0852C2622E4006591C2 /* FileDocumentModel.swift */ = {isa = PBXFileReference; lastKnownFileType = sourcecode.swift; path = FileDocumentModel.swift; sourceTree = "<group>"; };
		1181B7782C2FDA16003F18F1 /* ColorOptionModel.swift */ = {isa = PBXFileReference; lastKnownFileType = sourcecode.swift; path = ColorOptionModel.swift; sourceTree = "<group>"; };
		1181B77A2C30FB19003F18F1 /* FilesModel.swift */ = {isa = PBXFileReference; lastKnownFileType = sourcecode.swift; path = FilesModel.swift; sourceTree = "<group>"; };
		1184CCEA2C2B7EE8002631B8 /* UITypes.swift */ = {isa = PBXFileReference; lastKnownFileType = sourcecode.swift; path = UITypes.swift; sourceTree = "<group>"; };
		1184CCEC2C2B8013002631B8 /* Info.plist */ = {isa = PBXFileReference; lastKnownFileType = text.plist; path = Info.plist; sourceTree = "<group>"; };
		118B63902C06D8D30011015B /* AppScreenModel.swift */ = {isa = PBXFileReference; lastKnownFileType = sourcecode.swift; path = AppScreenModel.swift; sourceTree = "<group>"; };
		118B63922C06D93A0011015B /* ViewComponentModel.swift */ = {isa = PBXFileReference; lastKnownFileType = sourcecode.swift; path = ViewComponentModel.swift; sourceTree = "<group>"; };
		118B63942C06D9C40011015B /* AppSettingsModel.swift */ = {isa = PBXFileReference; lastKnownFileType = sourcecode.swift; path = AppSettingsModel.swift; sourceTree = "<group>"; };
		118B63962C06D9EC0011015B /* AppDataModel.swift */ = {isa = PBXFileReference; lastKnownFileType = sourcecode.swift; path = AppDataModel.swift; sourceTree = "<group>"; };
		11AC92F62C38B4C10022205F /* ComponentModel.swift */ = {isa = PBXFileReference; lastKnownFileType = sourcecode.swift; path = ComponentModel.swift; sourceTree = "<group>"; };
		11BE199929FAF63800E01425 /* SwiftFlow.app */ = {isa = PBXFileReference; explicitFileType = wrapper.application; includeInIndex = 0; path = SwiftFlow.app; sourceTree = BUILT_PRODUCTS_DIR; };
		11BE199C29FAF63800E01425 /* SwiftFlowApp.swift */ = {isa = PBXFileReference; lastKnownFileType = sourcecode.swift; path = SwiftFlowApp.swift; sourceTree = "<group>"; };
		11BE199E29FAF63800E01425 /* ContentView.swift */ = {isa = PBXFileReference; lastKnownFileType = sourcecode.swift; path = ContentView.swift; sourceTree = "<group>"; };
		11BE19A029FAF63900E01425 /* Assets.xcassets */ = {isa = PBXFileReference; lastKnownFileType = folder.assetcatalog; path = Assets.xcassets; sourceTree = "<group>"; };
		11BE19A229FAF63900E01425 /* SwiftFlow.entitlements */ = {isa = PBXFileReference; lastKnownFileType = text.plist.entitlements; path = SwiftFlow.entitlements; sourceTree = "<group>"; };
		11BE19A429FAF63900E01425 /* Preview Assets.xcassets */ = {isa = PBXFileReference; lastKnownFileType = folder.assetcatalog; path = "Preview Assets.xcassets"; sourceTree = "<group>"; };
		11E775FF2B3DC23700457F73 /* AppModel.swift */ = {isa = PBXFileReference; lastKnownFileType = sourcecode.swift; path = AppModel.swift; sourceTree = "<group>"; };
/* End PBXFileReference section */

/* Begin PBXFileSystemSynchronizedBuildFileExceptionSet section */
		1184CCF12C2B83D3002631B8 /* PBXFileSystemSynchronizedBuildFileExceptionSet */ = {
			isa = PBXFileSystemSynchronizedBuildFileExceptionSet;
			membershipExceptions = (
				AddMenuView.swift,
				AppInfoView.swift,
				AppProjectFormView.swift,
				ComponentListView.swift,
				CreateAppProjectView.swift,
				CustomNavigationTitleView.swift,
				CustomTabBar.swift,
				DetailView.swift,
				FileRowView.swift,
				FileSelectorView.swift,
				FileStructureView.swift,
				FrameSelectorView.swift,
				PreviewArea.swift,
				ProjectEditorView.swift,
				Sidebar.swift,
				SidebarContainerView.swift,
				TabBarButton.swift,
			);
			target = 11BE199829FAF63800E01425 /* SwiftFlow */;
		};
/* End PBXFileSystemSynchronizedBuildFileExceptionSet section */

/* Begin PBXFileSystemSynchronizedRootGroup section */
		1184CCED2C2B83B1002631B8 /* Views */ = {isa = PBXFileSystemSynchronizedRootGroup; exceptions = (1184CCF12C2B83D3002631B8 /* PBXFileSystemSynchronizedBuildFileExceptionSet */, ); explicitFileTypes = {}; explicitFolders = (); path = Views; sourceTree = "<group>"; };
/* End PBXFileSystemSynchronizedRootGroup section */

/* Begin PBXFrameworksBuildPhase section */
		11BE199629FAF63800E01425 /* Frameworks */ = {
			isa = PBXFrameworksBuildPhase;
			buildActionMask = 2147483647;
			files = (
			);
			runOnlyForDeploymentPostprocessing = 0;
		};
/* End PBXFrameworksBuildPhase section */

/* Begin PBXGroup section */
		1170D67E2B389CF800FC607E /* Models */ = {
			isa = PBXGroup;
			children = (
				1184CCEA2C2B7EE8002631B8 /* UITypes.swift */,
				11E775FF2B3DC23700457F73 /* AppModel.swift */,
				118B63902C06D8D30011015B /* AppScreenModel.swift */,
				118B63922C06D93A0011015B /* ViewComponentModel.swift */,
				118B63942C06D9C40011015B /* AppSettingsModel.swift */,
				118B63962C06D9EC0011015B /* AppDataModel.swift */,
				1143A0852C2622E4006591C2 /* FileDocumentModel.swift */,
				1103039F2C27E20C0097D2B5 /* ActionModel.swift */,
				1181B7782C2FDA16003F18F1 /* ColorOptionModel.swift */,
				1181B77A2C30FB19003F18F1 /* FilesModel.swift */,
				11AC92F62C38B4C10022205F /* ComponentModel.swift */,
			);
			path = Models;
			sourceTree = "<group>";
		};
		11BE199029FAF63800E01425 = {
			isa = PBXGroup;
			children = (
				11BE199B29FAF63800E01425 /* SwiftFlow */,
				11BE199A29FAF63800E01425 /* Products */,
			);
			sourceTree = "<group>";
		};
		11BE199A29FAF63800E01425 /* Products */ = {
			isa = PBXGroup;
			children = (
				11BE199929FAF63800E01425 /* SwiftFlow.app */,
			);
			name = Products;
			sourceTree = "<group>";
		};
		11BE199B29FAF63800E01425 /* SwiftFlow */ = {
			isa = PBXGroup;
			children = (
				1184CCEC2C2B8013002631B8 /* Info.plist */,
				1170D67E2B389CF800FC607E /* Models */,
				11BE199C29FAF63800E01425 /* SwiftFlowApp.swift */,
				11BE199E29FAF63800E01425 /* ContentView.swift */,
				1184CCED2C2B83B1002631B8 /* Views */,
				11BE19A029FAF63900E01425 /* Assets.xcassets */,
				11BE19A229FAF63900E01425 /* SwiftFlow.entitlements */,
				11BE19A329FAF63900E01425 /* Preview Content */,
			);
			path = SwiftFlow;
			sourceTree = "<group>";
		};
		11BE19A329FAF63900E01425 /* Preview Content */ = {
			isa = PBXGroup;
			children = (
				11BE19A429FAF63900E01425 /* Preview Assets.xcassets */,
			);
			path = "Preview Content";
			sourceTree = "<group>";
		};
/* End PBXGroup section */

/* Begin PBXNativeTarget section */
		11BE199829FAF63800E01425 /* SwiftFlow */ = {
			isa = PBXNativeTarget;
			buildConfigurationList = 11BE19A829FAF63900E01425 /* Build configuration list for PBXNativeTarget "SwiftFlow" */;
			buildPhases = (
				11BE199529FAF63800E01425 /* Sources */,
				11BE199629FAF63800E01425 /* Frameworks */,
				11BE199729FAF63800E01425 /* Resources */,
			);
			buildRules = (
			);
			dependencies = (
			);
			name = SwiftFlow;
			productName = SwiftFlow;
			productReference = 11BE199929FAF63800E01425 /* SwiftFlow.app */;
			productType = "com.apple.product-type.application";
		};
/* End PBXNativeTarget section */

/* Begin PBXProject section */
		11BE199129FAF63800E01425 /* Project object */ = {
			isa = PBXProject;
			attributes = {
				BuildIndependentTargetsInParallel = 1;
				LastSwiftUpdateCheck = 1430;
				LastUpgradeCheck = 1430;
				TargetAttributes = {
					11BE199829FAF63800E01425 = {
						CreatedOnToolsVersion = 14.3;
					};
				};
			};
			buildConfigurationList = 11BE199429FAF63800E01425 /* Build configuration list for PBXProject "SwiftFlow" */;
			compatibilityVersion = "Xcode 14.0";
			developmentRegion = en;
			hasScannedForEncodings = 0;
			knownRegions = (
				en,
				Base,
			);
			mainGroup = 11BE199029FAF63800E01425;
			productRefGroup = 11BE199A29FAF63800E01425 /* Products */;
			projectDirPath = "";
			projectRoot = "";
			targets = (
				11BE199829FAF63800E01425 /* SwiftFlow */,
			);
		};
/* End PBXProject section */

/* Begin PBXResourcesBuildPhase section */
		11BE199729FAF63800E01425 /* Resources */ = {
			isa = PBXResourcesBuildPhase;
			buildActionMask = 2147483647;
			files = (
				11BE19A529FAF63900E01425 /* Preview Assets.xcassets in Resources */,
				11BE19A129FAF63900E01425 /* Assets.xcassets in Resources */,
			);
			runOnlyForDeploymentPostprocessing = 0;
		};
/* End PBXResourcesBuildPhase section */

/* Begin PBXSourcesBuildPhase section */
		11BE199529FAF63800E01425 /* Sources */ = {
			isa = PBXSourcesBuildPhase;
			buildActionMask = 2147483647;
			files = (
				11BE199F29FAF63800E01425 /* ContentView.swift in Sources */,
				11BE199D29FAF63800E01425 /* SwiftFlowApp.swift in Sources */,
				118B63952C06D9C40011015B /* AppSettingsModel.swift in Sources */,
				118B63932C06D93A0011015B /* ViewComponentModel.swift in Sources */,
				11E776002B3DC23700457F73 /* AppModel.swift in Sources */,
				1143A0862C2622E4006591C2 /* FileDocumentModel.swift in Sources */,
				118B63912C06D8D30011015B /* AppScreenModel.swift in Sources */,
				110303A02C27E20C0097D2B5 /* ActionModel.swift in Sources */,
				11AC92F72C38B4C10022205F /* ComponentModel.swift in Sources */,
				1181B7792C2FDA16003F18F1 /* ColorOptionModel.swift in Sources */,
				118B63972C06D9EC0011015B /* AppDataModel.swift in Sources */,
				1181B77B2C30FB19003F18F1 /* FilesModel.swift in Sources */,
				1184CCEB2C2B7EFE002631B8 /* UITypes.swift in Sources */,
			);
			runOnlyForDeploymentPostprocessing = 0;
		};
/* End PBXSourcesBuildPhase section */

/* Begin XCBuildConfiguration section */
		11BE19A629FAF63900E01425 /* Debug */ = {
			isa = XCBuildConfiguration;
			buildSettings = {
				ALWAYS_SEARCH_USER_PATHS = NO;
				CLANG_ANALYZER_NONNULL = YES;
				CLANG_ANALYZER_NUMBER_OBJECT_CONVERSION = YES_AGGRESSIVE;
				CLANG_CXX_LANGUAGE_STANDARD = "gnu++20";
				CLANG_ENABLE_MODULES = YES;
				CLANG_ENABLE_OBJC_ARC = YES;
				CLANG_ENABLE_OBJC_WEAK = YES;
				CLANG_WARN_BLOCK_CAPTURE_AUTORELEASING = YES;
				CLANG_WARN_BOOL_CONVERSION = YES;
				CLANG_WARN_COMMA = YES;
				CLANG_WARN_CONSTANT_CONVERSION = YES;
				CLANG_WARN_DEPRECATED_OBJC_IMPLEMENTATIONS = YES;
				CLANG_WARN_DIRECT_OBJC_ISA_USAGE = YES_ERROR;
				CLANG_WARN_DOCUMENTATION_COMMENTS = YES;
				CLANG_WARN_EMPTY_BODY = YES;
				CLANG_WARN_ENUM_CONVERSION = YES;
				CLANG_WARN_INFINITE_RECURSION = YES;
				CLANG_WARN_INT_CONVERSION = YES;
				CLANG_WARN_NON_LITERAL_NULL_CONVERSION = YES;
				CLANG_WARN_OBJC_IMPLICIT_RETAIN_SELF = YES;
				CLANG_WARN_OBJC_LITERAL_CONVERSION = YES;
				CLANG_WARN_OBJC_ROOT_CLASS = YES_ERROR;
				CLANG_WARN_QUOTED_INCLUDE_IN_FRAMEWORK_HEADER = YES;
				CLANG_WARN_RANGE_LOOP_ANALYSIS = YES;
				CLANG_WARN_STRICT_PROTOTYPES = YES;
				CLANG_WARN_SUSPICIOUS_MOVE = YES;
				CLANG_WARN_UNGUARDED_AVAILABILITY = YES_AGGRESSIVE;
				CLANG_WARN_UNREACHABLE_CODE = YES;
				CLANG_WARN__DUPLICATE_METHOD_MATCH = YES;
				COPY_PHASE_STRIP = NO;
				DEBUG_INFORMATION_FORMAT = dwarf;
				ENABLE_STRICT_OBJC_MSGSEND = YES;
				ENABLE_TESTABILITY = YES;
				GCC_C_LANGUAGE_STANDARD = gnu11;
				GCC_DYNAMIC_NO_PIC = NO;
				GCC_NO_COMMON_BLOCKS = YES;
				GCC_OPTIMIZATION_LEVEL = 0;
				GCC_PREPROCESSOR_DEFINITIONS = (
					"DEBUG=1",
					"$(inherited)",
				);
				GCC_WARN_64_TO_32_BIT_CONVERSION = YES;
				GCC_WARN_ABOUT_RETURN_TYPE = YES_ERROR;
				GCC_WARN_UNDECLARED_SELECTOR = YES;
				GCC_WARN_UNINITIALIZED_AUTOS = YES_AGGRESSIVE;
				GCC_WARN_UNUSED_FUNCTION = YES;
				GCC_WARN_UNUSED_VARIABLE = YES;
				MTL_ENABLE_DEBUG_INFO = INCLUDE_SOURCE;
				MTL_FAST_MATH = YES;
				ONLY_ACTIVE_ARCH = YES;
				SWIFT_ACTIVE_COMPILATION_CONDITIONS = DEBUG;
				SWIFT_OPTIMIZATION_LEVEL = "-Onone";
			};
			name = Debug;
		};
		11BE19A729FAF63900E01425 /* Release */ = {
			isa = XCBuildConfiguration;
			buildSettings = {
				ALWAYS_SEARCH_USER_PATHS = NO;
				CLANG_ANALYZER_NONNULL = YES;
				CLANG_ANALYZER_NUMBER_OBJECT_CONVERSION = YES_AGGRESSIVE;
				CLANG_CXX_LANGUAGE_STANDARD = "gnu++20";
				CLANG_ENABLE_MODULES = YES;
				CLANG_ENABLE_OBJC_ARC = YES;
				CLANG_ENABLE_OBJC_WEAK = YES;
				CLANG_WARN_BLOCK_CAPTURE_AUTORELEASING = YES;
				CLANG_WARN_BOOL_CONVERSION = YES;
				CLANG_WARN_COMMA = YES;
				CLANG_WARN_CONSTANT_CONVERSION = YES;
				CLANG_WARN_DEPRECATED_OBJC_IMPLEMENTATIONS = YES;
				CLANG_WARN_DIRECT_OBJC_ISA_USAGE = YES_ERROR;
				CLANG_WARN_DOCUMENTATION_COMMENTS = YES;
				CLANG_WARN_EMPTY_BODY = YES;
				CLANG_WARN_ENUM_CONVERSION = YES;
				CLANG_WARN_INFINITE_RECURSION = YES;
				CLANG_WARN_INT_CONVERSION = YES;
				CLANG_WARN_NON_LITERAL_NULL_CONVERSION = YES;
				CLANG_WARN_OBJC_IMPLICIT_RETAIN_SELF = YES;
				CLANG_WARN_OBJC_LITERAL_CONVERSION = YES;
				CLANG_WARN_OBJC_ROOT_CLASS = YES_ERROR;
				CLANG_WARN_QUOTED_INCLUDE_IN_FRAMEWORK_HEADER = YES;
				CLANG_WARN_RANGE_LOOP_ANALYSIS = YES;
				CLANG_WARN_STRICT_PROTOTYPES = YES;
				CLANG_WARN_SUSPICIOUS_MOVE = YES;
				CLANG_WARN_UNGUARDED_AVAILABILITY = YES_AGGRESSIVE;
				CLANG_WARN_UNREACHABLE_CODE = YES;
				CLANG_WARN__DUPLICATE_METHOD_MATCH = YES;
				COPY_PHASE_STRIP = NO;
				DEBUG_INFORMATION_FORMAT = "dwarf-with-dsym";
				ENABLE_NS_ASSERTIONS = NO;
				ENABLE_STRICT_OBJC_MSGSEND = YES;
				GCC_C_LANGUAGE_STANDARD = gnu11;
				GCC_NO_COMMON_BLOCKS = YES;
				GCC_WARN_64_TO_32_BIT_CONVERSION = YES;
				GCC_WARN_ABOUT_RETURN_TYPE = YES_ERROR;
				GCC_WARN_UNDECLARED_SELECTOR = YES;
				GCC_WARN_UNINITIALIZED_AUTOS = YES_AGGRESSIVE;
				GCC_WARN_UNUSED_FUNCTION = YES;
				GCC_WARN_UNUSED_VARIABLE = YES;
				MTL_ENABLE_DEBUG_INFO = NO;
				MTL_FAST_MATH = YES;
				SWIFT_COMPILATION_MODE = wholemodule;
				SWIFT_OPTIMIZATION_LEVEL = "-O";
			};
			name = Release;
		};
		11BE19A929FAF63900E01425 /* Debug */ = {
			isa = XCBuildConfiguration;
			buildSettings = {
				ASSETCATALOG_COMPILER_APPICON_NAME = AppIcon;
				ASSETCATALOG_COMPILER_GLOBAL_ACCENT_COLOR_NAME = AccentColor;
				CODE_SIGN_ENTITLEMENTS = SwiftFlow/SwiftFlow.entitlements;
				CODE_SIGN_STYLE = Automatic;
				CURRENT_PROJECT_VERSION = 1;
				DEVELOPMENT_ASSET_PATHS = "\"SwiftFlow/Preview Content\"";
				DEVELOPMENT_TEAM = YPGUL25V6H;
				ENABLE_HARDENED_RUNTIME = YES;
				ENABLE_PREVIEWS = YES;
				GENERATE_INFOPLIST_FILE = YES;
				INFOPLIST_FILE = SwiftFlow/Info.plist;
				INFOPLIST_KEY_LSApplicationCategoryType = "public.app-category.developer-tools";
				"INFOPLIST_KEY_UIApplicationSceneManifest_Generation[sdk=iphoneos*]" = YES;
				"INFOPLIST_KEY_UIApplicationSceneManifest_Generation[sdk=iphonesimulator*]" = YES;
				"INFOPLIST_KEY_UIApplicationSupportsIndirectInputEvents[sdk=iphoneos*]" = YES;
				"INFOPLIST_KEY_UIApplicationSupportsIndirectInputEvents[sdk=iphonesimulator*]" = YES;
				"INFOPLIST_KEY_UILaunchScreen_Generation[sdk=iphoneos*]" = YES;
				"INFOPLIST_KEY_UILaunchScreen_Generation[sdk=iphonesimulator*]" = YES;
				"INFOPLIST_KEY_UIStatusBarStyle[sdk=iphoneos*]" = UIStatusBarStyleDefault;
				"INFOPLIST_KEY_UIStatusBarStyle[sdk=iphonesimulator*]" = UIStatusBarStyleDefault;
				INFOPLIST_KEY_UISupportedInterfaceOrientations_iPad = "UIInterfaceOrientationPortrait UIInterfaceOrientationPortraitUpsideDown UIInterfaceOrientationLandscapeLeft UIInterfaceOrientationLandscapeRight";
				INFOPLIST_KEY_UISupportedInterfaceOrientations_iPhone = "UIInterfaceOrientationPortrait UIInterfaceOrientationLandscapeLeft UIInterfaceOrientationLandscapeRight";
				IPHONEOS_DEPLOYMENT_TARGET = 18.0;
				LD_RUNPATH_SEARCH_PATHS = "@executable_path/Frameworks";
				"LD_RUNPATH_SEARCH_PATHS[sdk=macosx*]" = "@executable_path/../Frameworks";
				MACOSX_DEPLOYMENT_TARGET = 15.0;
				MARKETING_VERSION = 1.0;
				PRODUCT_BUNDLE_IDENTIFIER = com.swiftflow.SwiftFlow;
				PRODUCT_NAME = "$(TARGET_NAME)";
				SDKROOT = auto;
				SUPPORTED_PLATFORMS = "iphoneos iphonesimulator macosx";
				SUPPORTS_MACCATALYST = NO;
				SUPPORTS_MAC_DESIGNED_FOR_IPHONE_IPAD = NO;
				SWIFT_EMIT_LOC_STRINGS = YES;
				SWIFT_VERSION = 5.0;
				TARGETED_DEVICE_FAMILY = 2;
			};
			name = Debug;
		};
		11BE19AA29FAF63900E01425 /* Release */ = {
			isa = XCBuildConfiguration;
			buildSettings = {
				ASSETCATALOG_COMPILER_APPICON_NAME = AppIcon;
				ASSETCATALOG_COMPILER_GLOBAL_ACCENT_COLOR_NAME = AccentColor;
				CODE_SIGN_ENTITLEMENTS = SwiftFlow/SwiftFlow.entitlements;
				CODE_SIGN_STYLE = Automatic;
				CURRENT_PROJECT_VERSION = 1;
				DEVELOPMENT_ASSET_PATHS = "\"SwiftFlow/Preview Content\"";
				DEVELOPMENT_TEAM = YPGUL25V6H;
				ENABLE_HARDENED_RUNTIME = YES;
				ENABLE_PREVIEWS = YES;
				GENERATE_INFOPLIST_FILE = YES;
				INFOPLIST_FILE = SwiftFlow/Info.plist;
				INFOPLIST_KEY_LSApplicationCategoryType = "public.app-category.developer-tools";
				"INFOPLIST_KEY_UIApplicationSceneManifest_Generation[sdk=iphoneos*]" = YES;
				"INFOPLIST_KEY_UIApplicationSceneManifest_Generation[sdk=iphonesimulator*]" = YES;
				"INFOPLIST_KEY_UIApplicationSupportsIndirectInputEvents[sdk=iphoneos*]" = YES;
				"INFOPLIST_KEY_UIApplicationSupportsIndirectInputEvents[sdk=iphonesimulator*]" = YES;
				"INFOPLIST_KEY_UILaunchScreen_Generation[sdk=iphoneos*]" = YES;
				"INFOPLIST_KEY_UILaunchScreen_Generation[sdk=iphonesimulator*]" = YES;
				"INFOPLIST_KEY_UIStatusBarStyle[sdk=iphoneos*]" = UIStatusBarStyleDefault;
				"INFOPLIST_KEY_UIStatusBarStyle[sdk=iphonesimulator*]" = UIStatusBarStyleDefault;
				INFOPLIST_KEY_UISupportedInterfaceOrientations_iPad = "UIInterfaceOrientationPortrait UIInterfaceOrientationPortraitUpsideDown UIInterfaceOrientationLandscapeLeft UIInterfaceOrientationLandscapeRight";
				INFOPLIST_KEY_UISupportedInterfaceOrientations_iPhone = "UIInterfaceOrientationPortrait UIInterfaceOrientationLandscapeLeft UIInterfaceOrientationLandscapeRight";
				IPHONEOS_DEPLOYMENT_TARGET = 18.0;
				LD_RUNPATH_SEARCH_PATHS = "@executable_path/Frameworks";
				"LD_RUNPATH_SEARCH_PATHS[sdk=macosx*]" = "@executable_path/../Frameworks";
				MACOSX_DEPLOYMENT_TARGET = 15.0;
				MARKETING_VERSION = 1.0;
				PRODUCT_BUNDLE_IDENTIFIER = com.swiftflow.SwiftFlow;
				PRODUCT_NAME = "$(TARGET_NAME)";
				SDKROOT = auto;
				SUPPORTED_PLATFORMS = "iphoneos iphonesimulator macosx";
				SUPPORTS_MACCATALYST = NO;
				SUPPORTS_MAC_DESIGNED_FOR_IPHONE_IPAD = NO;
				SWIFT_EMIT_LOC_STRINGS = YES;
				SWIFT_VERSION = 5.0;
				TARGETED_DEVICE_FAMILY = 2;
			};
			name = Release;
		};
/* End XCBuildConfiguration section */

/* Begin XCConfigurationList section */
		11BE199429FAF63800E01425 /* Build configuration list for PBXProject "SwiftFlow" */ = {
			isa = XCConfigurationList;
			buildConfigurations = (
				11BE19A629FAF63900E01425 /* Debug */,
				11BE19A729FAF63900E01425 /* Release */,
			);
			defaultConfigurationIsVisible = 0;
			defaultConfigurationName = Release;
		};
		11BE19A829FAF63900E01425 /* Build configuration list for PBXNativeTarget "SwiftFlow" */ = {
			isa = XCConfigurationList;
			buildConfigurations = (
				11BE19A929FAF63900E01425 /* Debug */,
				11BE19AA29FAF63900E01425 /* Release */,
			);
			defaultConfigurationIsVisible = 0;
			defaultConfigurationName = Release;
		};
/* End XCConfigurationList section */
	};
	rootObject = 11BE199129FAF63800E01425 /* Project object */;
}
